
Microsoft Visual Studio Solution File, Format Version 12.00
# Visual Studio Version 17
VisualStudioVersion = 17.5.002.0
MinimumVisualStudioVersion = 10.0.40219.1
Project("{9A19103F-16F7-4668-BE54-9A1E7A4F7556}") = "diction", "diction.csproj", "{0C9B72CE-0CDC-4F7C-AE31-E5C46F1D5A17}"
EndProject
Global
	GlobalSection(SolutionConfigurationPlatforms) = preSolution
		Debug|Any CPU = Debug|Any CPU
		Release|Any CPU = Release|Any CPU
	EndGlobalSection
	GlobalSection(ProjectConfigurationPlatforms) = postSolution
		{0C9B72CE-0CDC-4F7C-AE31-E5C46F1D5A17}.Debug|Any CPU.ActiveCfg = Debug|Any CPU
		{0C9B72CE-0CDC-4F7C-AE31-E5C46F1D5A17}.Debug|Any CPU.Build.0 = Debug|Any CPU
		{0C9B72CE-0CDC-4F7C-AE31-E5C46F1D5A17}.Release|Any CPU.ActiveCfg = Release|Any CPU
		{0C9B72CE-0CDC-4F7C-AE31-E5C46F1D5A17}.Release|Any CPU.Build.0 = Release|Any CPU
	EndGlobalSection
	GlobalSection(SolutionProperties) = preSolution
		HideSolutionNode = FALSE
	EndGlobalSection
	GlobalSection(ExtensibilityGlobals) = postSolution
		SolutionGuid = {8595FDE7-4C8A-40B0-A46F-5FECC9C8FFE1}
	EndGlobalSection
EndGlobal
